
Microsoft Visual Studio Solution File, Format Version 12.00
# Visual Studio Version 17
VisualStudioVersion = 17.10.35013.160
MinimumVisualStudioVersion = 10.0.40219.1
Project("{FAE04EC0-301F-11D3-BF4B-00C04F79EFBC}") = "RabbitMQ.WatermarkApp", "RabbitMQ.WatermarkApp\RabbitMQ.WatermarkApp.csproj", "{D0429D37-9616-48B8-9851-6B8C32884C99}"
EndProject
Global
	GlobalSection(SolutionConfigurationPlatforms) = preSolution
		Debug|Any CPU = Debug|Any CPU
		Release|Any CPU = Release|Any CPU
	EndGlobalSection
	GlobalSection(ProjectConfigurationPlatforms) = postSolution
		{D0429D37-9616-48B8-9851-6B8C32884C99}.Debug|Any CPU.ActiveCfg = Debug|Any CPU
		{D0429D37-9616-48B8-9851-6B8C32884C99}.Debug|Any CPU.Build.0 = Debug|Any CPU
		{D0429D37-9616-48B8-9851-6B8C32884C99}.Release|Any CPU.ActiveCfg = Release|Any CPU
		{D0429D37-9616-48B8-9851-6B8C32884C99}.Release|Any CPU.Build.0 = Release|Any CPU
	EndGlobalSection
	GlobalSection(SolutionProperties) = preSolution
		HideSolutionNode = FALSE
	EndGlobalSection
	GlobalSection(ExtensibilityGlobals) = postSolution
		SolutionGuid = {BFA8DB03-4D6E-4435-BEE4-570D7669C06E}
	EndGlobalSection
EndGlobal
